
Microsoft Visual Studio Solution File, Format Version 12.00
# Visual Studio Version 16
VisualStudioVersion = 16.0.30114.105
MinimumVisualStudioVersion = 10.0.40219.1
Project("{2150E333-8FDC-42A3-9474-1A3956D46DE8}") = "src", "src", "{287D295D-85AE-4CBD-B6CE-FB60D8BBA981}"
EndProject
Project("{2150E333-8FDC-42A3-9474-1A3956D46DE8}") = "Core", "Core", "{FE279B1A-24C7-4536-A921-A26BD602E7B9}"
EndProject
Project("{FAE04EC0-301F-11D3-BF4B-00C04F79EFBC}") = "Domain", "src\Core\Domain\Domain.csproj", "{DAEA9DF9-E00B-4A2D-92C5-3DEFD9158DFD}"
EndProject
Project("{FAE04EC0-301F-11D3-BF4B-00C04F79EFBC}") = "Application", "src\Core\Application\Application.csproj", "{65CFD723-B361-4CC0-8343-B862CB19AAC2}"
EndProject
Project("{FAE04EC0-301F-11D3-BF4B-00C04F79EFBC}") = "Persistence", "src\Persistence\Persistence.csproj", "{12094A94-2B19-4CCC-A2EA-32FB5DF0EDCA}"
EndProject
Project("{FAE04EC0-301F-11D3-BF4B-00C04F79EFBC}") = "Infrastructure", "src\Infrastructure\Infrastructure.csproj", "{B81912A2-1304-4B9D-9F5A-68273DA14515}"
EndProject
Project("{FAE04EC0-301F-11D3-BF4B-00C04F79EFBC}") = "CLI", "src\CLI\CLI.csproj", "{1A3B7B38-0AC5-49E5-A72E-9DB438CD14D9}"
EndProject
Global
	GlobalSection(SolutionConfigurationPlatforms) = preSolution
		Debug|Any CPU = Debug|Any CPU
		Release|Any CPU = Release|Any CPU
	EndGlobalSection
	GlobalSection(SolutionProperties) = preSolution
		HideSolutionNode = FALSE
	EndGlobalSection
	GlobalSection(ProjectConfigurationPlatforms) = postSolution
		{DAEA9DF9-E00B-4A2D-92C5-3DEFD9158DFD}.Debug|Any CPU.ActiveCfg = Debug|Any CPU
		{DAEA9DF9-E00B-4A2D-92C5-3DEFD9158DFD}.Debug|Any CPU.Build.0 = Debug|Any CPU
		{DAEA9DF9-E00B-4A2D-92C5-3DEFD9158DFD}.Release|Any CPU.ActiveCfg = Release|Any CPU
		{DAEA9DF9-E00B-4A2D-92C5-3DEFD9158DFD}.Release|Any CPU.Build.0 = Release|Any CPU
		{65CFD723-B361-4CC0-8343-B862CB19AAC2}.Debug|Any CPU.ActiveCfg = Debug|Any CPU
		{65CFD723-B361-4CC0-8343-B862CB19AAC2}.Debug|Any CPU.Build.0 = Debug|Any CPU
		{65CFD723-B361-4CC0-8343-B862CB19AAC2}.Release|Any CPU.ActiveCfg = Release|Any CPU
		{65CFD723-B361-4CC0-8343-B862CB19AAC2}.Release|Any CPU.Build.0 = Release|Any CPU
		{12094A94-2B19-4CCC-A2EA-32FB5DF0EDCA}.Debug|Any CPU.ActiveCfg = Debug|Any CPU
		{12094A94-2B19-4CCC-A2EA-32FB5DF0EDCA}.Debug|Any CPU.Build.0 = Debug|Any CPU
		{12094A94-2B19-4CCC-A2EA-32FB5DF0EDCA}.Release|Any CPU.ActiveCfg = Release|Any CPU
		{12094A94-2B19-4CCC-A2EA-32FB5DF0EDCA}.Release|Any CPU.Build.0 = Release|Any CPU
		{B81912A2-1304-4B9D-9F5A-68273DA14515}.Debug|Any CPU.ActiveCfg = Debug|Any CPU
		{B81912A2-1304-4B9D-9F5A-68273DA14515}.Debug|Any CPU.Build.0 = Debug|Any CPU
		{B81912A2-1304-4B9D-9F5A-68273DA14515}.Release|Any CPU.ActiveCfg = Release|Any CPU
		{B81912A2-1304-4B9D-9F5A-68273DA14515}.Release|Any CPU.Build.0 = Release|Any CPU
		{1A3B7B38-0AC5-49E5-A72E-9DB438CD14D9}.Debug|Any CPU.ActiveCfg = Debug|Any CPU
		{1A3B7B38-0AC5-49E5-A72E-9DB438CD14D9}.Debug|Any CPU.Build.0 = Debug|Any CPU
		{1A3B7B38-0AC5-49E5-A72E-9DB438CD14D9}.Release|Any CPU.ActiveCfg = Release|Any CPU
		{1A3B7B38-0AC5-49E5-A72E-9DB438CD14D9}.Release|Any CPU.Build.0 = Release|Any CPU
	EndGlobalSection
	GlobalSection(NestedProjects) = preSolution
		{FE279B1A-24C7-4536-A921-A26BD602E7B9} = {287D295D-85AE-4CBD-B6CE-FB60D8BBA981}
		{DAEA9DF9-E00B-4A2D-92C5-3DEFD9158DFD} = {FE279B1A-24C7-4536-A921-A26BD602E7B9}
		{65CFD723-B361-4CC0-8343-B862CB19AAC2} = {FE279B1A-24C7-4536-A921-A26BD602E7B9}
		{12094A94-2B19-4CCC-A2EA-32FB5DF0EDCA} = {287D295D-85AE-4CBD-B6CE-FB60D8BBA981}
		{B81912A2-1304-4B9D-9F5A-68273DA14515} = {287D295D-85AE-4CBD-B6CE-FB60D8BBA981}
		{1A3B7B38-0AC5-49E5-A72E-9DB438CD14D9} = {287D295D-85AE-4CBD-B6CE-FB60D8BBA981}
	EndGlobalSection
EndGlobal
