
Microsoft Visual Studio Solution File, Format Version 12.00
# Visual Studio Version 16
VisualStudioVersion = 16.0.30114.105
MinimumVisualStudioVersion = 10.0.40219.1
Project("{2150E333-8FDC-42A3-9474-1A3956D46DE8}") = "src", "src", "{69D9985B-8A6F-4D19-A010-3155ADF19BD9}"
EndProject
Project("{2150E333-8FDC-42A3-9474-1A3956D46DE8}") = "Core", "Core", "{1E1D4A92-AE42-4A55-8D99-448CA274AB61}"
EndProject
Project("{FAE04EC0-301F-11D3-BF4B-00C04F79EFBC}") = "Domain", "src\Core\Domain\Domain.csproj", "{8EB67521-9981-4E1C-9A14-CFE454179E5E}"
EndProject
Project("{FAE04EC0-301F-11D3-BF4B-00C04F79EFBC}") = "Application", "src\Core\Application\Application.csproj", "{493F861F-BE5E-42F2-8041-11EA5C1CC3E1}"
EndProject
Project("{2150E333-8FDC-42A3-9474-1A3956D46DE8}") = "tests", "tests", "{B9A8D668-BC7D-42EF-85A3-06F78E4C4C8A}"
EndProject
Project("{2150E333-8FDC-42A3-9474-1A3956D46DE8}") = "src", "src", "{757214EF-3F23-4D8E-ABAE-62D54968EF51}"
EndProject
Project("{2150E333-8FDC-42A3-9474-1A3956D46DE8}") = "Core", "Core", "{074093A2-D5DB-432F-9571-700CB843B2FC}"
EndProject
Project("{FAE04EC0-301F-11D3-BF4B-00C04F79EFBC}") = "Domain", "tests\src\Core\Domain\Domain.csproj", "{8ECEC57E-FFA9-4877-A91B-23F5550130B6}"
EndProject
Project("{FAE04EC0-301F-11D3-BF4B-00C04F79EFBC}") = "Infrastructure", "src\Infrastructure\Infrastructure.csproj", "{EDC8B187-CAC3-41BD-8433-02F5CDC1AC08}"
EndProject
Project("{FAE04EC0-301F-11D3-BF4B-00C04F79EFBC}") = "Persistence", "src\Persistence\Persistence.csproj", "{101EDA42-2262-40F0-BC05-FD80778AF4E5}"
EndProject
Project("{FAE04EC0-301F-11D3-BF4B-00C04F79EFBC}") = "CLI", "src\CLI\CLI.csproj", "{6F1752A9-5A13-46A6-A0D9-D1A692EF58BA}"
EndProject
Global
	GlobalSection(SolutionConfigurationPlatforms) = preSolution
		Debug|Any CPU = Debug|Any CPU
		Release|Any CPU = Release|Any CPU
	EndGlobalSection
	GlobalSection(SolutionProperties) = preSolution
		HideSolutionNode = FALSE
	EndGlobalSection
	GlobalSection(ProjectConfigurationPlatforms) = postSolution
		{8EB67521-9981-4E1C-9A14-CFE454179E5E}.Debug|Any CPU.ActiveCfg = Debug|Any CPU
		{8EB67521-9981-4E1C-9A14-CFE454179E5E}.Debug|Any CPU.Build.0 = Debug|Any CPU
		{8EB67521-9981-4E1C-9A14-CFE454179E5E}.Release|Any CPU.ActiveCfg = Release|Any CPU
		{8EB67521-9981-4E1C-9A14-CFE454179E5E}.Release|Any CPU.Build.0 = Release|Any CPU
		{493F861F-BE5E-42F2-8041-11EA5C1CC3E1}.Debug|Any CPU.ActiveCfg = Debug|Any CPU
		{493F861F-BE5E-42F2-8041-11EA5C1CC3E1}.Debug|Any CPU.Build.0 = Debug|Any CPU
		{493F861F-BE5E-42F2-8041-11EA5C1CC3E1}.Release|Any CPU.ActiveCfg = Release|Any CPU
		{493F861F-BE5E-42F2-8041-11EA5C1CC3E1}.Release|Any CPU.Build.0 = Release|Any CPU
		{8ECEC57E-FFA9-4877-A91B-23F5550130B6}.Debug|Any CPU.ActiveCfg = Debug|Any CPU
		{8ECEC57E-FFA9-4877-A91B-23F5550130B6}.Debug|Any CPU.Build.0 = Debug|Any CPU
		{8ECEC57E-FFA9-4877-A91B-23F5550130B6}.Release|Any CPU.ActiveCfg = Release|Any CPU
		{8ECEC57E-FFA9-4877-A91B-23F5550130B6}.Release|Any CPU.Build.0 = Release|Any CPU
		{EDC8B187-CAC3-41BD-8433-02F5CDC1AC08}.Debug|Any CPU.ActiveCfg = Debug|Any CPU
		{EDC8B187-CAC3-41BD-8433-02F5CDC1AC08}.Debug|Any CPU.Build.0 = Debug|Any CPU
		{EDC8B187-CAC3-41BD-8433-02F5CDC1AC08}.Release|Any CPU.ActiveCfg = Release|Any CPU
		{EDC8B187-CAC3-41BD-8433-02F5CDC1AC08}.Release|Any CPU.Build.0 = Release|Any CPU
		{101EDA42-2262-40F0-BC05-FD80778AF4E5}.Debug|Any CPU.ActiveCfg = Debug|Any CPU
		{101EDA42-2262-40F0-BC05-FD80778AF4E5}.Debug|Any CPU.Build.0 = Debug|Any CPU
		{101EDA42-2262-40F0-BC05-FD80778AF4E5}.Release|Any CPU.ActiveCfg = Release|Any CPU
		{101EDA42-2262-40F0-BC05-FD80778AF4E5}.Release|Any CPU.Build.0 = Release|Any CPU
		{6F1752A9-5A13-46A6-A0D9-D1A692EF58BA}.Debug|Any CPU.ActiveCfg = Debug|Any CPU
		{6F1752A9-5A13-46A6-A0D9-D1A692EF58BA}.Debug|Any CPU.Build.0 = Debug|Any CPU
		{6F1752A9-5A13-46A6-A0D9-D1A692EF58BA}.Release|Any CPU.ActiveCfg = Release|Any CPU
		{6F1752A9-5A13-46A6-A0D9-D1A692EF58BA}.Release|Any CPU.Build.0 = Release|Any CPU
	EndGlobalSection
	GlobalSection(NestedProjects) = preSolution
		{1E1D4A92-AE42-4A55-8D99-448CA274AB61} = {69D9985B-8A6F-4D19-A010-3155ADF19BD9}
		{8EB67521-9981-4E1C-9A14-CFE454179E5E} = {1E1D4A92-AE42-4A55-8D99-448CA274AB61}
		{493F861F-BE5E-42F2-8041-11EA5C1CC3E1} = {1E1D4A92-AE42-4A55-8D99-448CA274AB61}
		{757214EF-3F23-4D8E-ABAE-62D54968EF51} = {B9A8D668-BC7D-42EF-85A3-06F78E4C4C8A}
		{074093A2-D5DB-432F-9571-700CB843B2FC} = {757214EF-3F23-4D8E-ABAE-62D54968EF51}
		{8ECEC57E-FFA9-4877-A91B-23F5550130B6} = {074093A2-D5DB-432F-9571-700CB843B2FC}
		{EDC8B187-CAC3-41BD-8433-02F5CDC1AC08} = {69D9985B-8A6F-4D19-A010-3155ADF19BD9}
		{101EDA42-2262-40F0-BC05-FD80778AF4E5} = {69D9985B-8A6F-4D19-A010-3155ADF19BD9}
		{6F1752A9-5A13-46A6-A0D9-D1A692EF58BA} = {69D9985B-8A6F-4D19-A010-3155ADF19BD9}
	EndGlobalSection
EndGlobal
